
Microsoft Visual Studio Solution File, Format Version 12.00
# Visual Studio Version 17
VisualStudioVersion = 17.9.34607.119
MinimumVisualStudioVersion = 10.0.40219.1
Project("{9A19103F-16F7-4668-BE54-9A1E7A4F7556}") = "05- Fizz Buzz", "05- Fizz Buzz\05- Fizz Buzz.csproj", "{5C0E65F9-3645-4C09-943A-B210FB4C5B77}"
EndProject
Global
	GlobalSection(SolutionConfigurationPlatforms) = preSolution
		Debug|Any CPU = Debug|Any CPU
		Release|Any CPU = Release|Any CPU
	EndGlobalSection
	GlobalSection(ProjectConfigurationPlatforms) = postSolution
		{5C0E65F9-3645-4C09-943A-B210FB4C5B77}.Debug|Any CPU.ActiveCfg = Debug|Any CPU
		{5C0E65F9-3645-4C09-943A-B210FB4C5B77}.Debug|Any CPU.Build.0 = Debug|Any CPU
		{5C0E65F9-3645-4C09-943A-B210FB4C5B77}.Release|Any CPU.ActiveCfg = Release|Any CPU
		{5C0E65F9-3645-4C09-943A-B210FB4C5B77}.Release|Any CPU.Build.0 = Release|Any CPU
	EndGlobalSection
	GlobalSection(SolutionProperties) = preSolution
		HideSolutionNode = FALSE
	EndGlobalSection
	GlobalSection(ExtensibilityGlobals) = postSolution
		SolutionGuid = {3341C719-FCB1-48A2-8287-D0EA3CBED341}
	EndGlobalSection
	GlobalSection(TeamFoundationVersionControl) = preSolution
		SccNumberOfProjects = 2
		SccEnterpriseProvider = {4CA58AB2-18FA-4F8D-95D4-32DDF27D184C}
		SccTeamFoundationServer = https://cisteam.otc.edu/tfs/jh0889132
		SccLocalPath0 = .
		SccProjectUniqueName1 = 05-\u0020Fizz\u0020Buzz\\05-\u0020Fizz\u0020Buzz.csproj
		SccProjectName1 = 05-\u0020Fizz\u0020Buzz
		SccLocalPath1 = 05-\u0020Fizz\u0020Buzz
	EndGlobalSection
EndGlobal
